{
  "lockfileVersion": 2,
  "configVersion": 1,
  "workspaces": {
    "": {
      "name": "foldkit-mde",
    },
    "apps/playground": {
      "name": "@foldkit-mde/playground",
      "version": "0.0.0",
      "dependencies": {
        "@foldkit-mde/core": "workspace:*",
        "@foldkit-mde/editor": "workspace:*",
        "foldkit": "catalog:",
      },
    },
    "packages/core": {
      "name": "@foldkit-mde/core",
      "version": "0.0.0",
      "dependencies": {
        "effect": "catalog:",
      },
    },
    "packages/editor": {
      "name": "@foldkit-mde/editor",
      "version": "0.0.0",
      "dependencies": {
        "@foldkit-mde/core": "workspace:*",
        "foldkit": "catalog:",
      },
    },
  },
  "catalog": {
    "effect": "4.0.0",
    "foldkit": "0.167.0",
  },
  "packages": {
    "@effect/platform-browser": ["@effect/platform-browser@4.0.0", "", { "peerDependencies": { "effect": "^4.0.0" } }, "sha512-OHo7EPpF3RVPiI+mjoU9yd05LdCdKPjzDXqs5wRgF9CsdVvwN76B0zgt54DxPUcvMYri1tVJOtLCVnK0tRkNQQ=="],

    "@foldkit-mde/core": ["@foldkit-mde/core@workspace:packages/core"],

    "@foldkit-mde/editor": ["@foldkit-mde/editor@workspace:packages/editor"],

    "@foldkit-mde/playground": ["@foldkit-mde/playground@workspace:apps/playground"],

    "effect": ["effect@4.0.0", "", {}, "sha512-ooc1TG5t+FfzgYnFz2ff6BBKyZ7EwBRVXC7c4RhQUAD6/TZ2gTXXMeb4WX7a19ozQo4J73/QW+S00YAIresoMQ=="],

    "entities": ["entities@8.1.0", "", {}, "sha512-kxL7msIffSuh9aaFAMD7rxAIuTRMAHMeBtgHW2yUdWw732ZNh4MehkF2gdjvtdmikkaIP9bFDDJOPlsvm7avrA=="],

    "foldkit": ["foldkit@0.167.0", "", { "dependencies": { "parse5": "^8.0.1" }, "peerDependencies": { "@effect/platform-browser": "4.0.0", "effect": "4.0.0" } }, "sha512-5F89USZZdUsdau0ecPDDfIIXS+LM0+rya03KSdXjNOJfmuoR/vtQbnMKR3XQJKvS3UV9X+1RoBrr2WdBu0PHjw=="],

    "parse5": ["parse5@8.0.1", "", { "dependencies": { "entities": "^8.0.0" } }, "sha512-z1e/HMG90obSGeidlli3hj7cbocou0/wa5HacvI3ASx34PecNjNQeaHNo5WIZpWofN9kgkqV1q5YvXe3F0FoPw=="],
  }
}
